
Microsoft Visual Studio Solution File, Format Version 12.00
# Visual Studio Version 17
VisualStudioVersion = 17.9.34622.214
MinimumVisualStudioVersion = 10.0.40219.1
Project("{9A19103F-16F7-4668-BE54-9A1E7A4F7556}") = "TDV.MoyNalog", "MoyNalog\TDV.MoyNalog.csproj", "{7D38DD46-2E3F-467E-AD7F-E5A0EC557819}"
EndProject
Project("{9A19103F-16F7-4668-BE54-9A1E7A4F7556}") = "MoyNalog.Tests", "MoyNalog.Tests\MoyNalog.Tests.csproj", "{C5C7300D-AE54-4BD0-9B01-539822A08949}"
	ProjectSection(ProjectDependencies) = postProject
		{7D38DD46-2E3F-467E-AD7F-E5A0EC557819} = {7D38DD46-2E3F-467E-AD7F-E5A0EC557819}
	EndProjectSection
EndProject
Global
	GlobalSection(SolutionConfigurationPlatforms) = preSolution
		Debug|Any CPU = Debug|Any CPU
		Release|Any CPU = Release|Any CPU
	EndGlobalSection
	GlobalSection(ProjectConfigurationPlatforms) = postSolution
		{7D38DD46-2E3F-467E-AD7F-E5A0EC557819}.Debug|Any CPU.ActiveCfg = Debug|Any CPU
		{7D38DD46-2E3F-467E-AD7F-E5A0EC557819}.Debug|Any CPU.Build.0 = Debug|Any CPU
		{7D38DD46-2E3F-467E-AD7F-E5A0EC557819}.Release|Any CPU.ActiveCfg = Release|Any CPU
		{7D38DD46-2E3F-467E-AD7F-E5A0EC557819}.Release|Any CPU.Build.0 = Release|Any CPU
		{C5C7300D-AE54-4BD0-9B01-539822A08949}.Debug|Any CPU.ActiveCfg = Debug|Any CPU
		{C5C7300D-AE54-4BD0-9B01-539822A08949}.Debug|Any CPU.Build.0 = Debug|Any CPU
		{C5C7300D-AE54-4BD0-9B01-539822A08949}.Release|Any CPU.ActiveCfg = Release|Any CPU
		{C5C7300D-AE54-4BD0-9B01-539822A08949}.Release|Any CPU.Build.0 = Release|Any CPU
	EndGlobalSection
	GlobalSection(SolutionProperties) = preSolution
		HideSolutionNode = FALSE
	EndGlobalSection
	GlobalSection(ExtensibilityGlobals) = postSolution
		SolutionGuid = {EF0678CB-F4E7-4A71-B374-6E5D3D3584B6}
	EndGlobalSection
EndGlobal
